Microsoft Visual Studio Solution File, Format Version 12.00
# Visual Studio Version 17
VisualStudioVersion = 17.13.35825.156
MinimumVisualStudioVersion = 10.0.40219.1
Project("{FAE04EC0-301F-11D3-BF4B-00C04F79EFBC}") = "Web_API1", "Web_API1\Web_API1.csproj", "{454D2D93-239C-4D4C-BC9D-B5793B5075B0}"
EndProject
Global
	GlobalSection(SolutionConfigurationPlatforms) = preSolution
		Debug|Any CPU = Debug|Any CPU
		Release|Any CPU = Release|Any CPU
	EndGlobalSection
	GlobalSection(ProjectConfigurationPlatforms) = postSolution
		{454D2D93-239C-4D4C-BC9D-B5793B5075B0}.Debug|Any CPU.ActiveCfg = Debug|Any CPU
		{454D2D93-239C-4D4C-BC9D-B5793B5075B0}.Debug|Any CPU.Build.0 = Debug|Any CPU
		{454D2D93-239C-4D4C-BC9D-B5793B5075B0}.Release|Any CPU.ActiveCfg = Release|Any CPU
		{454D2D93-239C-4D4C-BC9D-B5793B5075B0}.Release|Any CPU.Build.0 = Release|Any CPU
	EndGlobalSection
	GlobalSection(SolutionProperties) = preSolution
		HideSolutionNode = FALSE
	EndGlobalSection
	GlobalSection(ExtensibilityGlobals) = postSolution
		SolutionGuid = {FBC7ED4A-2F6D-4E3D-9574-49C672E5B918}
	EndGlobalSection
EndGlobal
