Microsoft Visual Studio Solution File, Format Version 12.00
# Visual Studio Version 17
VisualStudioVersion = 17.13.35825.156
MinimumVisualStudioVersion = 10.0.40219.1
Project("{FAE04EC0-301F-11D3-BF4B-00C04F79EFBC}") = "EncsapsulationAndAbstract", "EncsapsulationAndAbstract\EncsapsulationAndAbstract.csproj", "{2A69021C-6EF5-4493-B812-D1CD547E27E0}"
EndProject
Global
	GlobalSection(SolutionConfigurationPlatforms) = preSolution
		Debug|Any CPU = Debug|Any CPU
		Release|Any CPU = Release|Any CPU
	EndGlobalSection
	GlobalSection(ProjectConfigurationPlatforms) = postSolution
		{2A69021C-6EF5-4493-B812-D1CD547E27E0}.Debug|Any CPU.ActiveCfg = Debug|Any CPU
		{2A69021C-6EF5-4493-B812-D1CD547E27E0}.Debug|Any CPU.Build.0 = Debug|Any CPU
		{2A69021C-6EF5-4493-B812-D1CD547E27E0}.Release|Any CPU.ActiveCfg = Release|Any CPU
		{2A69021C-6EF5-4493-B812-D1CD547E27E0}.Release|Any CPU.Build.0 = Release|Any CPU
	EndGlobalSection
	GlobalSection(SolutionProperties) = preSolution
		HideSolutionNode = FALSE
	EndGlobalSection
	GlobalSection(ExtensibilityGlobals) = postSolution
		SolutionGuid = {250926F7-BF5C-478D-B057-27C202C3C25C}
	EndGlobalSection
EndGlobal
