Microsoft Visual Studio Solution File, Format Version 12.00
# Visual Studio Version 17
VisualStudioVersion = 17.13.35825.156
MinimumVisualStudioVersion = 10.0.40219.1
Project("{FAE04EC0-301F-11D3-BF4B-00C04F79EFBC}") = "StudentWebApiCore", "StudentWebApiCore\StudentWebApiCore.csproj", "{1FBDD0F4-DF1B-4073-A116-7B713010C45F}"
EndProject
Global
	GlobalSection(SolutionConfigurationPlatforms) = preSolution
		Debug|Any CPU = Debug|Any CPU
		Release|Any CPU = Release|Any CPU
	EndGlobalSection
	GlobalSection(ProjectConfigurationPlatforms) = postSolution
		{1FBDD0F4-DF1B-4073-A116-7B713010C45F}.Debug|Any CPU.ActiveCfg = Debug|Any CPU
		{1FBDD0F4-DF1B-4073-A116-7B713010C45F}.Debug|Any CPU.Build.0 = Debug|Any CPU
		{1FBDD0F4-DF1B-4073-A116-7B713010C45F}.Release|Any CPU.ActiveCfg = Release|Any CPU
		{1FBDD0F4-DF1B-4073-A116-7B713010C45F}.Release|Any CPU.Build.0 = Release|Any CPU
	EndGlobalSection
	GlobalSection(SolutionProperties) = preSolution
		HideSolutionNode = FALSE
	EndGlobalSection
	GlobalSection(ExtensibilityGlobals) = postSolution
		SolutionGuid = {461F3E13-0A8A-4A66-8B6A-CBE0EDD8E5F6}
	EndGlobalSection
EndGlobal
