Microsoft Visual Studio Solution File, Format Version 12.00
# Visual Studio Version 17
VisualStudioVersion = 17.13.35825.156
MinimumVisualStudioVersion = 10.0.40219.1
Project("{FAE04EC0-301F-11D3-BF4B-00C04F79EFBC}") = "HashTable", "HashTable\HashTable.csproj", "{CB34C6FB-4DF6-47F2-9186-25F1F1E9C796}"
EndProject
Global
	GlobalSection(SolutionConfigurationPlatforms) = preSolution
		Debug|Any CPU = Debug|Any CPU
		Release|Any CPU = Release|Any CPU
	EndGlobalSection
	GlobalSection(ProjectConfigurationPlatforms) = postSolution
		{CB34C6FB-4DF6-47F2-9186-25F1F1E9C796}.Debug|Any CPU.ActiveCfg = Debug|Any CPU
		{CB34C6FB-4DF6-47F2-9186-25F1F1E9C796}.Debug|Any CPU.Build.0 = Debug|Any CPU
		{CB34C6FB-4DF6-47F2-9186-25F1F1E9C796}.Release|Any CPU.ActiveCfg = Release|Any CPU
		{CB34C6FB-4DF6-47F2-9186-25F1F1E9C796}.Release|Any CPU.Build.0 = Release|Any CPU
	EndGlobalSection
	GlobalSection(SolutionProperties) = preSolution
		HideSolutionNode = FALSE
	EndGlobalSection
	GlobalSection(ExtensibilityGlobals) = postSolution
		SolutionGuid = {72934F40-D755-4A81-8B20-EA383B16F1B8}
	EndGlobalSection
EndGlobal
